# This file is autogenerated, do not edit; changes may be undone by the next 'dep ensure'.


[[projects]]
  branch = "master"
  name = "github.com/golang/protobuf"
  packages = ["proto"]
  revision = "bbd03ef6da3a115852eaf24c8a1c46aeb39aa175"

[[projects]]
  branch = "master"
  name = "github.com/jpillora/backoff"
  packages = ["."]
  revision = "8eab2debe79d12b7bd3d10653910df25fa9552ba"

[[projects]]
  name = "github.com/streadway/amqp"
  packages = ["."]
  revision = "27859d32540aebd2e5befa52dc59ae8e6a0132b6"

[[projects]]
  name = "golang.org/x/net"
  packages = ["context"]
  revision = "1f9224279e98554b6a6432d4dd998a739f8b2b7c"

[solve-meta]
  analyzer-name = "dep"
  analyzer-version = 1
  inputs-digest = "ee3685ec5ebc6f449481e21a7b90fa983814f080fb26a68d53b8226247b6901c"
  solver-name = "gps-cdcl"
  solver-version = 1
